
Microsoft Visual Studio Solution File, Format Version 12.00
# Visual Studio Version 16
VisualStudioVersion = 16.0.29503.13
MinimumVisualStudioVersion = 10.0.40219.1
Project("{FAE04EC0-301F-11D3-BF4B-00C04F79EFBC}") = "ChinahrtQuestionLibrary", "ChinahrtQuestionLibrary\ChinahrtQuestionLibrary.csproj", "{23BF5975-62F0-4A81-838E-49C1AF81BE45}"
EndProject
Global
	GlobalSection(SolutionConfigurationPlatforms) = preSolution
		Debug|Any CPU = Debug|Any CPU
		Release|Any CPU = Release|Any CPU
	EndGlobalSection
	GlobalSection(ProjectConfigurationPlatforms) = postSolution
		{23BF5975-62F0-4A81-838E-49C1AF81BE45}.Debug|Any CPU.ActiveCfg = Debug|Any CPU
		{23BF5975-62F0-4A81-838E-49C1AF81BE45}.Debug|Any CPU.Build.0 = Debug|Any CPU
		{23BF5975-62F0-4A81-838E-49C1AF81BE45}.Release|Any CPU.ActiveCfg = Release|Any CPU
		{23BF5975-62F0-4A81-838E-49C1AF81BE45}.Release|Any CPU.Build.0 = Release|Any CPU
	EndGlobalSection
	GlobalSection(SolutionProperties) = preSolution
		HideSolutionNode = FALSE
	EndGlobalSection
	GlobalSection(ExtensibilityGlobals) = postSolution
		SolutionGuid = {5DF223E8-581B-4697-91FE-6D906587C318}
	EndGlobalSection
EndGlobal
